
Microsoft Visual Studio Solution File, Format Version 12.00
# Visual Studio 15
VisualStudioVersion = 15.0.28307.539
MinimumVisualStudioVersion = 10.0.40219.1
Project("{FAE04EC0-301F-11D3-BF4B-00C04F79EFBC}") = "CSharpLib", "CSharpLib\CSharpLib.csproj", "{BD058B2D-AFD9-4609-BD09-F08EE54CF8F3}"
EndProject
Project("{FAE04EC0-301F-11D3-BF4B-00C04F79EFBC}") = "exampleUsage", "exampleUsage\exampleUsage.csproj", "{F7ACD898-C6A1-4740-916C-F7E8EA38128C}"
EndProject
Global
	GlobalSection(SolutionConfigurationPlatforms) = preSolution
		Debug|Any CPU = Debug|Any CPU
		Release|Any CPU = Release|Any CPU
	EndGlobalSection
	GlobalSection(ProjectConfigurationPlatforms) = postSolution
		{BD058B2D-AFD9-4609-BD09-F08EE54CF8F3}.Debug|Any CPU.ActiveCfg = Debug|Any CPU
		{BD058B2D-AFD9-4609-BD09-F08EE54CF8F3}.Debug|Any CPU.Build.0 = Debug|Any CPU
		{BD058B2D-AFD9-4609-BD09-F08EE54CF8F3}.Release|Any CPU.ActiveCfg = Release|Any CPU
		{BD058B2D-AFD9-4609-BD09-F08EE54CF8F3}.Release|Any CPU.Build.0 = Release|Any CPU
		{F7ACD898-C6A1-4740-916C-F7E8EA38128C}.Debug|Any CPU.ActiveCfg = Debug|Any CPU
		{F7ACD898-C6A1-4740-916C-F7E8EA38128C}.Debug|Any CPU.Build.0 = Debug|Any CPU
		{F7ACD898-C6A1-4740-916C-F7E8EA38128C}.Release|Any CPU.ActiveCfg = Release|Any CPU
		{F7ACD898-C6A1-4740-916C-F7E8EA38128C}.Release|Any CPU.Build.0 = Release|Any CPU
	EndGlobalSection
	GlobalSection(SolutionProperties) = preSolution
		HideSolutionNode = FALSE
	EndGlobalSection
	GlobalSection(ExtensibilityGlobals) = postSolution
		SolutionGuid = {E4326453-69C6-4A64-AAF1-353D5D5CB33E}
	EndGlobalSection
EndGlobal
